// !$*UTF8*$!
{
	archiveVersion = 1;
	classes = {
	};
	objectVersion = 50;
	objects = {

/* Begin PBXBuildFile section */
		3D7F1B9426067B3700126B35 /* TextFieldDelegate.swift in Sources */ = {isa = PBXBuildFile; fileRef = 3D7F1B9326067B3700126B35 /* TextFieldDelegate.swift */; };
		3DC1860F260637FB0051B524 /* AppDelegate.swift in Sources */ = {isa = PBXBuildFile; fileRef = 3DC1860E260637FB0051B524 /* AppDelegate.swift */; };
		3DC18611260637FB0051B524 /* SceneDelegate.swift in Sources */ = {isa = PBXBuildFile; fileRef = 3DC18610260637FB0051B524 /* SceneDelegate.swift */; };
		3DC18618260637FE0051B524 /* Assets.xcassets in Resources */ = {isa = PBXBuildFile; fileRef = 3DC18617260637FE0051B524 /* Assets.xcassets */; };
		3DC1861B260637FE0051B524 /* LaunchScreen.storyboard in Resources */ = {isa = PBXBuildFile; fileRef = 3DC18619260637FE0051B524 /* LaunchScreen.storyboard */; };
		3DC1862C26063B130051B524 /* FirstViewController.swift in Sources */ = {isa = PBXBuildFile; fileRef = 3DC1862B26063B130051B524 /* FirstViewController.swift */; };
		3DC1862F26063B200051B524 /* SecondViewController.swift in Sources */ = {isa = PBXBuildFile; fileRef = 3DC1862E26063B200051B524 /* SecondViewController.swift */; };
		3DCF5B772606534E002F9BD4 /* Constants.swift in Sources */ = {isa = PBXBuildFile; fileRef = 3DCF5B762606534E002F9BD4 /* Constants.swift */; };
		3DCF5B7B26065BD9002F9BD4 /* UIColor+Extension.swift in Sources */ = {isa = PBXBuildFile; fileRef = 3DCF5B7A26065BD9002F9BD4 /* UIColor+Extension.swift */; };
		3DCF5B7F26065D49002F9BD4 /* UIView+Extension.swift in Sources */ = {isa = PBXBuildFile; fileRef = 3DCF5B7E26065D49002F9BD4 /* UIView+Extension.swift */; };
		3DCF5B8226065E27002F9BD4 /* Router.swift in Sources */ = {isa = PBXBuildFile; fileRef = 3DCF5B8126065E27002F9BD4 /* Router.swift */; };
		3DCF5B892606606C002F9BD4 /* SecondBuilder.swift in Sources */ = {isa = PBXBuildFile; fileRef = 3DCF5B882606606C002F9BD4 /* SecondBuilder.swift */; };
/* End PBXBuildFile section */

/* Begin PBXFileReference section */
		3D7F1B9326067B3700126B35 /* TextFieldDelegate.swift */ = {isa = PBXFileReference; lastKnownFileType = sourcecode.swift; path = TextFieldDelegate.swift; sourceTree = "<group>"; };
		3DC1860B260637FB0051B524 /* DelegationPattern.app */ = {isa = PBXFileReference; explicitFileType = wrapper.application; includeInIndex = 0; path = DelegationPattern.app; sourceTree = BUILT_PRODUCTS_DIR; };
		3DC1860E260637FB0051B524 /* AppDelegate.swift */ = {isa = PBXFileReference; lastKnownFileType = sourcecode.swift; path = AppDelegate.swift; sourceTree = "<group>"; };
		3DC18610260637FB0051B524 /* SceneDelegate.swift */ = {isa = PBXFileReference; lastKnownFileType = sourcecode.swift; path = SceneDelegate.swift; sourceTree = "<group>"; };
		3DC18617260637FE0051B524 /* Assets.xcassets */ = {isa = PBXFileReference; lastKnownFileType = folder.assetcatalog; path = Assets.xcassets; sourceTree = "<group>"; };
		3DC1861A260637FE0051B524 /* Base */ = {isa = PBXFileReference; lastKnownFileType = file.storyboard; name = Base; path = Base.lproj/LaunchScreen.storyboard; sourceTree = "<group>"; };
		3DC1861C260637FE0051B524 /* Info.plist */ = {isa = PBXFileReference; lastKnownFileType = text.plist.xml; path = Info.plist; sourceTree = "<group>"; };
		3DC1862B26063B130051B524 /* FirstViewController.swift */ = {isa = PBXFileReference; lastKnownFileType = sourcecode.swift; path = FirstViewController.swift; sourceTree = "<group>"; };
		3DC1862E26063B200051B524 /* SecondViewController.swift */ = {isa = PBXFileReference; lastKnownFileType = sourcecode.swift; path = SecondViewController.swift; sourceTree = "<group>"; };
		3DCF5B762606534E002F9BD4 /* Constants.swift */ = {isa = PBXFileReference; lastKnownFileType = sourcecode.swift; path = Constants.swift; sourceTree = "<group>"; };
		3DCF5B7A26065BD9002F9BD4 /* UIColor+Extension.swift */ = {isa = PBXFileReference; lastKnownFileType = sourcecode.swift; path = "UIColor+Extension.swift"; sourceTree = "<group>"; };
		3DCF5B7E26065D49002F9BD4 /* UIView+Extension.swift */ = {isa = PBXFileReference; lastKnownFileType = sourcecode.swift; path = "UIView+Extension.swift"; sourceTree = "<group>"; };
		3DCF5B8126065E27002F9BD4 /* Router.swift */ = {isa = PBXFileReference; lastKnownFileType = sourcecode.swift; path = Router.swift; sourceTree = "<group>"; };
		3DCF5B882606606C002F9BD4 /* SecondBuilder.swift */ = {isa = PBXFileReference; lastKnownFileType = sourcecode.swift; path = SecondBuilder.swift; sourceTree = "<group>"; };
/* End PBXFileReference section */

/* Begin PBXFrameworksBuildPhase section */
		3DC18608260637FB0051B524 /* Frameworks */ = {
			isa = PBXFrameworksBuildPhase;
			buildActionMask = 2147483647;
			files = (
			);
			runOnlyForDeploymentPostprocessing = 0;
		};
/* End PBXFrameworksBuildPhase section */

/* Begin PBXGroup section */
		3D7F1B9226067B2700126B35 /* TextFieldDelegate */ = {
			isa = PBXGroup;
			children = (
				3D7F1B9326067B3700126B35 /* TextFieldDelegate.swift */,
			);
			path = TextFieldDelegate;
			sourceTree = "<group>";
		};
		3DC18602260637FA0051B524 = {
			isa = PBXGroup;
			children = (
				3DC1860D260637FB0051B524 /* DelegationPattern */,
				3DC1860C260637FB0051B524 /* Products */,
			);
			sourceTree = "<group>";
		};
		3DC1860C260637FB0051B524 /* Products */ = {
			isa = PBXGroup;
			children = (
				3DC1860B260637FB0051B524 /* DelegationPattern.app */,
			);
			name = Products;
			sourceTree = "<group>";
		};
		3DC1860D260637FB0051B524 /* DelegationPattern */ = {
			isa = PBXGroup;
			children = (
				3DCF5B7926065BCC002F9BD4 /* Extensions */,
				3DC1863326063C080051B524 /* Resources */,
				3DC1863226063BFB0051B524 /* Application */,
				3DC1863126063BCF0051B524 /* UI */,
				3DC1861C260637FE0051B524 /* Info.plist */,
			);
			path = DelegationPattern;
			sourceTree = "<group>";
		};
		3DC1863126063BCF0051B524 /* UI */ = {
			isa = PBXGroup;
			children = (
				3D7F1B9226067B2700126B35 /* TextFieldDelegate */,
				3DCF5B8726066030002F9BD4 /* SecondViewController */,
				3DCF5B8626066029002F9BD4 /* FirstViewController */,
				3DC18619260637FE0051B524 /* LaunchScreen.storyboard */,
			);
			path = UI;
			sourceTree = "<group>";
		};
		3DC1863226063BFB0051B524 /* Application */ = {
			isa = PBXGroup;
			children = (
				3DC1860E260637FB0051B524 /* AppDelegate.swift */,
				3DC18610260637FB0051B524 /* SceneDelegate.swift */,
			);
			path = Application;
			sourceTree = "<group>";
		};
		3DC1863326063C080051B524 /* Resources */ = {
			isa = PBXGroup;
			children = (
				3DC18617260637FE0051B524 /* Assets.xcassets */,
				3DCF5B762606534E002F9BD4 /* Constants.swift */,
				3DCF5B8126065E27002F9BD4 /* Router.swift */,
			);
			path = Resources;
			sourceTree = "<group>";
		};
		3DCF5B7926065BCC002F9BD4 /* Extensions */ = {
			isa = PBXGroup;
			children = (
				3DCF5B7A26065BD9002F9BD4 /* UIColor+Extension.swift */,
				3DCF5B7E26065D49002F9BD4 /* UIView+Extension.swift */,
			);
			path = Extensions;
			sourceTree = "<group>";
		};
		3DCF5B8626066029002F9BD4 /* FirstViewController */ = {
			isa = PBXGroup;
			children = (
				3DC1862B26063B130051B524 /* FirstViewController.swift */,
			);
			path = FirstViewController;
			sourceTree = "<group>";
		};
		3DCF5B8726066030002F9BD4 /* SecondViewController */ = {
			isa = PBXGroup;
			children = (
				3DC1862E26063B200051B524 /* SecondViewController.swift */,
				3DCF5B882606606C002F9BD4 /* SecondBuilder.swift */,
			);
			path = SecondViewController;
			sourceTree = "<group>";
		};
/* End PBXGroup section */

/* Begin PBXNativeTarget section */
		3DC1860A260637FB0051B524 /* DelegationPattern */ = {
			isa = PBXNativeTarget;
			buildConfigurationList = 3DC1861F260637FE0051B524 /* Build configuration list for PBXNativeTarget "DelegationPattern" */;
			buildPhases = (
				3DC18607260637FB0051B524 /* Sources */,
				3DC18608260637FB0051B524 /* Frameworks */,
				3DC18609260637FB0051B524 /* Resources */,
			);
			buildRules = (
			);
			dependencies = (
			);
			name = DelegationPattern;
			productName = DelegationPattern;
			productReference = 3DC1860B260637FB0051B524 /* DelegationPattern.app */;
			productType = "com.apple.product-type.application";
		};
/* End PBXNativeTarget section */

/* Begin PBXProject section */
		3DC18603260637FA0051B524 /* Project object */ = {
			isa = PBXProject;
			attributes = {
				LastSwiftUpdateCheck = 1240;
				LastUpgradeCheck = 1240;
				TargetAttributes = {
					3DC1860A260637FB0051B524 = {
						CreatedOnToolsVersion = 12.4;
					};
				};
			};
			buildConfigurationList = 3DC18606260637FB0051B524 /* Build configuration list for PBXProject "DelegationPattern" */;
			compatibilityVersion = "Xcode 9.3";
			developmentRegion = en;
			hasScannedForEncodings = 0;
			knownRegions = (
				en,
				Base,
			);
			mainGroup = 3DC18602260637FA0051B524;
			productRefGroup = 3DC1860C260637FB0051B524 /* Products */;
			projectDirPath = "";
			projectRoot = "";
			targets = (
				3DC1860A260637FB0051B524 /* DelegationPattern */,
			);
		};
/* End PBXProject section */

/* Begin PBXResourcesBuildPhase section */
		3DC18609260637FB0051B524 /* Resources */ = {
			isa = PBXResourcesBuildPhase;
			buildActionMask = 2147483647;
			files = (
				3DC1861B260637FE0051B524 /* LaunchScreen.storyboard in Resources */,
				3DC18618260637FE0051B524 /* Assets.xcassets in Resources */,
			);
			runOnlyForDeploymentPostprocessing = 0;
		};
/* End PBXResourcesBuildPhase section */

/* Begin PBXSourcesBuildPhase section */
		3DC18607260637FB0051B524 /* Sources */ = {
			isa = PBXSourcesBuildPhase;
			buildActionMask = 2147483647;
			files = (
				3DCF5B8226065E27002F9BD4 /* Router.swift in Sources */,
				3DCF5B772606534E002F9BD4 /* Constants.swift in Sources */,
				3DCF5B7F26065D49002F9BD4 /* UIView+Extension.swift in Sources */,
				3DC1862F26063B200051B524 /* SecondViewController.swift in Sources */,
				3DC1862C26063B130051B524 /* FirstViewController.swift in Sources */,
				3DCF5B7B26065BD9002F9BD4 /* UIColor+Extension.swift in Sources */,
				3DC1860F260637FB0051B524 /* AppDelegate.swift in Sources */,
				3DCF5B892606606C002F9BD4 /* SecondBuilder.swift in Sources */,
				3D7F1B9426067B3700126B35 /* TextFieldDelegate.swift in Sources */,
				3DC18611260637FB0051B524 /* SceneDelegate.swift in Sources */,
			);
			runOnlyForDeploymentPostprocessing = 0;
		};
/* End PBXSourcesBuildPhase section */

/* Begin PBXVariantGroup section */
		3DC18619260637FE0051B524 /* LaunchScreen.storyboard */ = {
			isa = PBXVariantGroup;
			children = (
				3DC1861A260637FE0051B524 /* Base */,
			);
			name = LaunchScreen.storyboard;
			sourceTree = "<group>";
		};
/* End PBXVariantGroup section */

/* Begin XCBuildConfiguration section */
		3DC1861D260637FE0051B524 /* Debug */ = {
			isa = XCBuildConfiguration;
			buildSettings = {
				ALWAYS_SEARCH_USER_PATHS = NO;
				CLANG_ANALYZER_NONNULL = YES;
				CLANG_ANALYZER_NUMBER_OBJECT_CONVERSION = YES_AGGRESSIVE;
				CLANG_CXX_LANGUAGE_STANDARD = "gnu++14";
				CLANG_CXX_LIBRARY = "libc++";
				CLANG_ENABLE_MODULES = YES;
				CLANG_ENABLE_OBJC_ARC = YES;
				CLANG_ENABLE_OBJC_WEAK = YES;
				CLANG_WARN_BLOCK_CAPTURE_AUTORELEASING = YES;
				CLANG_WARN_BOOL_CONVERSION = YES;
				CLANG_WARN_COMMA = YES;
				CLANG_WARN_CONSTANT_CONVERSION = YES;
				CLANG_WARN_DEPRECATED_OBJC_IMPLEMENTATIONS = YES;
				CLANG_WARN_DIRECT_OBJC_ISA_USAGE = YES_ERROR;
				CLANG_WARN_DOCUMENTATION_COMMENTS = YES;
				CLANG_WARN_EMPTY_BODY = YES;
				CLANG_WARN_ENUM_CONVERSION = YES;
				CLANG_WARN_INFINITE_RECURSION = YES;
				CLANG_WARN_INT_CONVERSION = YES;
				CLANG_WARN_NON_LITERAL_NULL_CONVERSION = YES;
				CLANG_WARN_OBJC_IMPLICIT_RETAIN_SELF = YES;
				CLANG_WARN_OBJC_LITERAL_CONVERSION = YES;
				CLANG_WARN_OBJC_ROOT_CLASS = YES_ERROR;
				CLANG_WARN_QUOTED_INCLUDE_IN_FRAMEWORK_HEADER = YES;
				CLANG_WARN_RANGE_LOOP_ANALYSIS = YES;
				CLANG_WARN_STRICT_PROTOTYPES = YES;
				CLANG_WARN_SUSPICIOUS_MOVE = YES;
				CLANG_WARN_UNGUARDED_AVAILABILITY = YES_AGGRESSIVE;
				CLANG_WARN_UNREACHABLE_CODE = YES;
				CLANG_WARN__DUPLICATE_METHOD_MATCH = YES;
				COPY_PHASE_STRIP = NO;
				DEBUG_INFORMATION_FORMAT = dwarf;
				ENABLE_STRICT_OBJC_MSGSEND = YES;
				ENABLE_TESTABILITY = YES;
				GCC_C_LANGUAGE_STANDARD = gnu11;
				GCC_DYNAMIC_NO_PIC = NO;
				GCC_NO_COMMON_BLOCKS = YES;
				GCC_OPTIMIZATION_LEVEL = 0;
				GCC_PREPROCESSOR_DEFINITIONS = (
					"DEBUG=1",
					"$(inherited)",
				);
				GCC_WARN_64_TO_32_BIT_CONVERSION = YES;
				GCC_WARN_ABOUT_RETURN_TYPE = YES_ERROR;
				GCC_WARN_UNDECLARED_SELECTOR = YES;
				GCC_WARN_UNINITIALIZED_AUTOS = YES_AGGRESSIVE;
				GCC_WARN_UNUSED_FUNCTION = YES;
				GCC_WARN_UNUSED_VARIABLE = YES;
				IPHONEOS_DEPLOYMENT_TARGET = 14.4;
				MTL_ENABLE_DEBUG_INFO = INCLUDE_SOURCE;
				MTL_FAST_MATH = YES;
				ONLY_ACTIVE_ARCH = YES;
				SDKROOT = iphoneos;
				SWIFT_ACTIVE_COMPILATION_CONDITIONS = DEBUG;
				SWIFT_OPTIMIZATION_LEVEL = "-Onone";
			};
			name = Debug;
		};
		3DC1861E260637FE0051B524 /* Release */ = {
			isa = XCBuildConfiguration;
			buildSettings = {
				ALWAYS_SEARCH_USER_PATHS = NO;
				CLANG_ANALYZER_NONNULL = YES;
				CLANG_ANALYZER_NUMBER_OBJECT_CONVERSION = YES_AGGRESSIVE;
				CLANG_CXX_LANGUAGE_STANDARD = "gnu++14";
				CLANG_CXX_LIBRARY = "libc++";
				CLANG_ENABLE_MODULES = YES;
				CLANG_ENABLE_OBJC_ARC = YES;
				CLANG_ENABLE_OBJC_WEAK = YES;
				CLANG_WARN_BLOCK_CAPTURE_AUTORELEASING = YES;
				CLANG_WARN_BOOL_CONVERSION = YES;
				CLANG_WARN_COMMA = YES;
				CLANG_WARN_CONSTANT_CONVERSION = YES;
				CLANG_WARN_DEPRECATED_OBJC_IMPLEMENTATIONS = YES;
				CLANG_WARN_DIRECT_OBJC_ISA_USAGE = YES_ERROR;
				CLANG_WARN_DOCUMENTATION_COMMENTS = YES;
				CLANG_WARN_EMPTY_BODY = YES;
				CLANG_WARN_ENUM_CONVERSION = YES;
				CLANG_WARN_INFINITE_RECURSION = YES;
				CLANG_WARN_INT_CONVERSION = YES;
				CLANG_WARN_NON_LITERAL_NULL_CONVERSION = YES;
				CLANG_WARN_OBJC_IMPLICIT_RETAIN_SELF = YES;
				CLANG_WARN_OBJC_LITERAL_CONVERSION = YES;
				CLANG_WARN_OBJC_ROOT_CLASS = YES_ERROR;
				CLANG_WARN_QUOTED_INCLUDE_IN_FRAMEWORK_HEADER = YES;
				CLANG_WARN_RANGE_LOOP_ANALYSIS = YES;
				CLANG_WARN_STRICT_PROTOTYPES = YES;
				CLANG_WARN_SUSPICIOUS_MOVE = YES;
				CLANG_WARN_UNGUARDED_AVAILABILITY = YES_AGGRESSIVE;
				CLANG_WARN_UNREACHABLE_CODE = YES;
				CLANG_WARN__DUPLICATE_METHOD_MATCH = YES;
				COPY_PHASE_STRIP = NO;
				DEBUG_INFORMATION_FORMAT = "dwarf-with-dsym";
				ENABLE_NS_ASSERTIONS = NO;
				ENABLE_STRICT_OBJC_MSGSEND = YES;
				GCC_C_LANGUAGE_STANDARD = gnu11;
				GCC_NO_COMMON_BLOCKS = YES;
				GCC_WARN_64_TO_32_BIT_CONVERSION = YES;
				GCC_WARN_ABOUT_RETURN_TYPE = YES_ERROR;
				GCC_WARN_UNDECLARED_SELECTOR = YES;
				GCC_WARN_UNINITIALIZED_AUTOS = YES_AGGRESSIVE;
				GCC_WARN_UNUSED_FUNCTION = YES;
				GCC_WARN_UNUSED_VARIABLE = YES;
				IPHONEOS_DEPLOYMENT_TARGET = 14.4;
				MTL_ENABLE_DEBUG_INFO = NO;
				MTL_FAST_MATH = YES;
				SDKROOT = iphoneos;
				SWIFT_COMPILATION_MODE = wholemodule;
				SWIFT_OPTIMIZATION_LEVEL = "-O";
				VALIDATE_PRODUCT = YES;
			};
			name = Release;
		};
		3DC18620260637FE0051B524 /* Debug */ = {
			isa = XCBuildConfiguration;
			buildSettings = {
				ASSETCATALOG_COMPILER_APPICON_NAME = AppIcon;
				ASSETCATALOG_COMPILER_GLOBAL_ACCENT_COLOR_NAME = AccentColor;
				CODE_SIGN_STYLE = Automatic;
				DEVELOPMENT_TEAM = YJR6FRW68A;
				INFOPLIST_FILE = DelegationPattern/Info.plist;
				LD_RUNPATH_SEARCH_PATHS = (
					"$(inherited)",
					"@executable_path/Frameworks",
				);
				PRODUCT_BUNDLE_IDENTIFIER = Pablo.DelegationPattern;
				PRODUCT_NAME = "$(TARGET_NAME)";
				SWIFT_VERSION = 5.0;
				TARGETED_DEVICE_FAMILY = "1,2";
			};
			name = Debug;
		};
		3DC18621260637FE0051B524 /* Release */ = {
			isa = XCBuildConfiguration;
			buildSettings = {
				ASSETCATALOG_COMPILER_APPICON_NAME = AppIcon;
				ASSETCATALOG_COMPILER_GLOBAL_ACCENT_COLOR_NAME = AccentColor;
				CODE_SIGN_STYLE = Automatic;
				DEVELOPMENT_TEAM = YJR6FRW68A;
				INFOPLIST_FILE = DelegationPattern/Info.plist;
				LD_RUNPATH_SEARCH_PATHS = (
					"$(inherited)",
					"@executable_path/Frameworks",
				);
				PRODUCT_BUNDLE_IDENTIFIER = Pablo.DelegationPattern;
				PRODUCT_NAME = "$(TARGET_NAME)";
				SWIFT_VERSION = 5.0;
				TARGETED_DEVICE_FAMILY = "1,2";
			};
			name = Release;
		};
/* End XCBuildConfiguration section */

/* Begin XCConfigurationList section */
		3DC18606260637FB0051B524 /* Build configuration list for PBXProject "DelegationPattern" */ = {
			isa = XCConfigurationList;
			buildConfigurations = (
				3DC1861D260637FE0051B524 /* Debug */,
				3DC1861E260637FE0051B524 /* Release */,
			);
			defaultConfigurationIsVisible = 0;
			defaultConfigurationName = Release;
		};
		3DC1861F260637FE0051B524 /* Build configuration list for PBXNativeTarget "DelegationPattern" */ = {
			isa = XCConfigurationList;
			buildConfigurations = (
				3DC18620260637FE0051B524 /* Debug */,
				3DC18621260637FE0051B524 /* Release */,
			);
			defaultConfigurationIsVisible = 0;
			defaultConfigurationName = Release;
		};
/* End XCConfigurationList section */
	};
	rootObject = 3DC18603260637FA0051B524 /* Project object */;
}
